
Microsoft Visual Studio Solution File, Format Version 12.00
# Visual Studio 15
VisualStudioVersion = 15.0.26730.16
MinimumVisualStudioVersion = 10.0.40219.1
Project("{FAE04EC0-301F-11D3-BF4B-00C04F79EFBC}") = "FitghtingClub_WPF", "FitghtingClub_WPF\FitghtingClub_WPF.csproj", "{C3908163-FDFC-40DD-AB0C-73BEAEC9B6E3}"
EndProject
Global
	GlobalSection(SolutionConfigurationPlatforms) = preSolution
		Debug|Any CPU = Debug|Any CPU
		Release|Any CPU = Release|Any CPU
	EndGlobalSection
	GlobalSection(ProjectConfigurationPlatforms) = postSolution
		{C3908163-FDFC-40DD-AB0C-73BEAEC9B6E3}.Debug|Any CPU.ActiveCfg = Debug|Any CPU
		{C3908163-FDFC-40DD-AB0C-73BEAEC9B6E3}.Debug|Any CPU.Build.0 = Debug|Any CPU
		{C3908163-FDFC-40DD-AB0C-73BEAEC9B6E3}.Release|Any CPU.ActiveCfg = Release|Any CPU
		{C3908163-FDFC-40DD-AB0C-73BEAEC9B6E3}.Release|Any CPU.Build.0 = Release|Any CPU
	EndGlobalSection
	GlobalSection(SolutionProperties) = preSolution
		HideSolutionNode = FALSE
	EndGlobalSection
	GlobalSection(ExtensibilityGlobals) = postSolution
		SolutionGuid = {7303D1F9-35D1-45C6-8515-EC0E853A538B}
	EndGlobalSection
EndGlobal
